PODS:
  - AI (0.0.8)
  - IQKeyboardManagerSwift (5.0.4)

DEPENDENCIES:
  - AI
  - IQKeyboardManagerSwift

SPEC CHECKSUMS:
  AI: 73c9a26daeb5362016fd345a2d0ee346919a526f
  IQKeyboardManagerSwift: a0592bb636b10a9a1cf75d2b2c61144226226c84

PODFILE CHECKSUM: bbcdd94266ad4676b6836208559079fe14bba1c8

COCOAPODS: 1.2.0
